
Microsoft Visual Studio Solution File, Format Version 12.00
# Visual Studio Version 16
VisualStudioVersion = 16.0.30804.86
MinimumVisualStudioVersion = 10.0.40219.1
Project("{FAE04EC0-301F-11D3-BF4B-00C04F79EFBC}") = "Practice", "Practice\Practice.csproj", "{EB75CC1A-06FF-4D81-B3DE-7EC057BE44C5}"
EndProject
Project("{FAE04EC0-301F-11D3-BF4B-00C04F79EFBC}") = "DependencyInjection", "DependencyInjection\DependencyInjection.csproj", "{130AECFB-EF1E-4E09-8338-D49C36C3B16C}"
EndProject
Global
	GlobalSection(SolutionConfigurationPlatforms) = preSolution
		Debug|Any CPU = Debug|Any CPU
		Release|Any CPU = Release|Any CPU
	EndGlobalSection
	GlobalSection(ProjectConfigurationPlatforms) = postSolution
		{EB75CC1A-06FF-4D81-B3DE-7EC057BE44C5}.Debug|Any CPU.ActiveCfg = Debug|Any CPU
		{EB75CC1A-06FF-4D81-B3DE-7EC057BE44C5}.Debug|Any CPU.Build.0 = Debug|Any CPU
		{EB75CC1A-06FF-4D81-B3DE-7EC057BE44C5}.Release|Any CPU.ActiveCfg = Release|Any CPU
		{EB75CC1A-06FF-4D81-B3DE-7EC057BE44C5}.Release|Any CPU.Build.0 = Release|Any CPU
		{130AECFB-EF1E-4E09-8338-D49C36C3B16C}.Debug|Any CPU.ActiveCfg = Debug|Any CPU
		{130AECFB-EF1E-4E09-8338-D49C36C3B16C}.Debug|Any CPU.Build.0 = Debug|Any CPU
		{130AECFB-EF1E-4E09-8338-D49C36C3B16C}.Release|Any CPU.ActiveCfg = Release|Any CPU
		{130AECFB-EF1E-4E09-8338-D49C36C3B16C}.Release|Any CPU.Build.0 = Release|Any CPU
	EndGlobalSection
	GlobalSection(SolutionProperties) = preSolution
		HideSolutionNode = FALSE
	EndGlobalSection
	GlobalSection(ExtensibilityGlobals) = postSolution
		SolutionGuid = {51DE17E0-330A-4F0C-AE9D-9BCB105407CB}
	EndGlobalSection
EndGlobal
