
Microsoft Visual Studio Solution File, Format Version 12.00
# Visual Studio Version 16
VisualStudioVersion = 16.0.29905.134
MinimumVisualStudioVersion = 10.0.40219.1
Project("{9A19103F-16F7-4668-BE54-9A1E7A4F7556}") = "CounterStrike", "CounterStrike\CounterStrike.csproj", "{0ED77E2F-8F32-4BD5-AD14-DD76D14AB3EB}"
EndProject
Project("{9A19103F-16F7-4668-BE54-9A1E7A4F7556}") = "Robots", "..\03. Unit Tests_Skeleton\Robots\Robots.csproj", "{F243B7DB-2FE1-4CB0-B094-E6128C791A1D}"
EndProject
Project("{9A19103F-16F7-4668-BE54-9A1E7A4F7556}") = "Robots.Tests", "..\03. Unit Tests_Skeleton\Robots.Tests\Robots.Tests.csproj", "{D9FC7041-12AA-4560-89C7-187F02770EF9}"
EndProject
Global
	GlobalSection(SolutionConfigurationPlatforms) = preSolution
		Debug|Any CPU = Debug|Any CPU
		Release|Any CPU = Release|Any CPU
	EndGlobalSection
	GlobalSection(ProjectConfigurationPlatforms) = postSolution
		{0ED77E2F-8F32-4BD5-AD14-DD76D14AB3EB}.Debug|Any CPU.ActiveCfg = Debug|Any CPU
		{0ED77E2F-8F32-4BD5-AD14-DD76D14AB3EB}.Debug|Any CPU.Build.0 = Debug|Any CPU
		{0ED77E2F-8F32-4BD5-AD14-DD76D14AB3EB}.Release|Any CPU.ActiveCfg = Release|Any CPU
		{0ED77E2F-8F32-4BD5-AD14-DD76D14AB3EB}.Release|Any CPU.Build.0 = Release|Any CPU
		{F243B7DB-2FE1-4CB0-B094-E6128C791A1D}.Debug|Any CPU.ActiveCfg = Debug|Any CPU
		{F243B7DB-2FE1-4CB0-B094-E6128C791A1D}.Debug|Any CPU.Build.0 = Debug|Any CPU
		{F243B7DB-2FE1-4CB0-B094-E6128C791A1D}.Release|Any CPU.ActiveCfg = Release|Any CPU
		{F243B7DB-2FE1-4CB0-B094-E6128C791A1D}.Release|Any CPU.Build.0 = Release|Any CPU
		{D9FC7041-12AA-4560-89C7-187F02770EF9}.Debug|Any CPU.ActiveCfg = Debug|Any CPU
		{D9FC7041-12AA-4560-89C7-187F02770EF9}.Debug|Any CPU.Build.0 = Debug|Any CPU
		{D9FC7041-12AA-4560-89C7-187F02770EF9}.Release|Any CPU.ActiveCfg = Release|Any CPU
		{D9FC7041-12AA-4560-89C7-187F02770EF9}.Release|Any CPU.Build.0 = Release|Any CPU
	EndGlobalSection
	GlobalSection(SolutionProperties) = preSolution
		HideSolutionNode = FALSE
	EndGlobalSection
	GlobalSection(ExtensibilityGlobals) = postSolution
		SolutionGuid = {D449C30F-B727-4ADB-B6BF-A2E6AEA08692}
	EndGlobalSection
EndGlobal
