
Microsoft Visual Studio Solution File, Format Version 12.00
# Visual Studio Version 16
VisualStudioVersion = 16.0.30804.86
MinimumVisualStudioVersion = 10.0.40219.1
Project("{9A19103F-16F7-4668-BE54-9A1E7A4F7556}") = "Practice", "Practice\Practice.csproj", "{2A72CA4A-612A-490D-BE94-8E0BB28C6C85}"
EndProject
Project("{9A19103F-16F7-4668-BE54-9A1E7A4F7556}") = "PracticeDoubly", "DoublyLinkedList\PracticeDoubly.csproj", "{4DB6D08F-74BE-44FE-ACF3-99A6341AC251}"
EndProject
Project("{9A19103F-16F7-4668-BE54-9A1E7A4F7556}") = "01.LinkedList", "LinkedList\01.LinkedList.csproj", "{6B8F4788-6504-4F3D-B078-52F22C37D394}"
EndProject
Project("{9A19103F-16F7-4668-BE54-9A1E7A4F7556}") = "02.DoublyLinkedList", "02.DoublyLinkedList\02.DoublyLinkedList.csproj", "{F21C00A5-66E7-4606-9BEA-903EDD2910FD}"
EndProject
Project("{FAE04EC0-301F-11D3-BF4B-00C04F79EFBC}") = "P03.DoublyLinkedList2.0", "P03.DoublyLinkedList2.0\P03.DoublyLinkedList2.0.csproj", "{AEA871F0-C932-40E3-8915-386219FD7F28}"
EndProject
Global
	GlobalSection(SolutionConfigurationPlatforms) = preSolution
		Debug|Any CPU = Debug|Any CPU
		Release|Any CPU = Release|Any CPU
	EndGlobalSection
	GlobalSection(ProjectConfigurationPlatforms) = postSolution
		{2A72CA4A-612A-490D-BE94-8E0BB28C6C85}.Debug|Any CPU.ActiveCfg = Debug|Any CPU
		{2A72CA4A-612A-490D-BE94-8E0BB28C6C85}.Debug|Any CPU.Build.0 = Debug|Any CPU
		{2A72CA4A-612A-490D-BE94-8E0BB28C6C85}.Release|Any CPU.ActiveCfg = Release|Any CPU
		{2A72CA4A-612A-490D-BE94-8E0BB28C6C85}.Release|Any CPU.Build.0 = Release|Any CPU
		{4DB6D08F-74BE-44FE-ACF3-99A6341AC251}.Debug|Any CPU.ActiveCfg = Debug|Any CPU
		{4DB6D08F-74BE-44FE-ACF3-99A6341AC251}.Debug|Any CPU.Build.0 = Debug|Any CPU
		{4DB6D08F-74BE-44FE-ACF3-99A6341AC251}.Release|Any CPU.ActiveCfg = Release|Any CPU
		{4DB6D08F-74BE-44FE-ACF3-99A6341AC251}.Release|Any CPU.Build.0 = Release|Any CPU
		{6B8F4788-6504-4F3D-B078-52F22C37D394}.Debug|Any CPU.ActiveCfg = Debug|Any CPU
		{6B8F4788-6504-4F3D-B078-52F22C37D394}.Debug|Any CPU.Build.0 = Debug|Any CPU
		{6B8F4788-6504-4F3D-B078-52F22C37D394}.Release|Any CPU.ActiveCfg = Release|Any CPU
		{6B8F4788-6504-4F3D-B078-52F22C37D394}.Release|Any CPU.Build.0 = Release|Any CPU
		{F21C00A5-66E7-4606-9BEA-903EDD2910FD}.Debug|Any CPU.ActiveCfg = Debug|Any CPU
		{F21C00A5-66E7-4606-9BEA-903EDD2910FD}.Debug|Any CPU.Build.0 = Debug|Any CPU
		{F21C00A5-66E7-4606-9BEA-903EDD2910FD}.Release|Any CPU.ActiveCfg = Release|Any CPU
		{F21C00A5-66E7-4606-9BEA-903EDD2910FD}.Release|Any CPU.Build.0 = Release|Any CPU
		{AEA871F0-C932-40E3-8915-386219FD7F28}.Debug|Any CPU.ActiveCfg = Debug|Any CPU
		{AEA871F0-C932-40E3-8915-386219FD7F28}.Debug|Any CPU.Build.0 = Debug|Any CPU
		{AEA871F0-C932-40E3-8915-386219FD7F28}.Release|Any CPU.ActiveCfg = Release|Any CPU
		{AEA871F0-C932-40E3-8915-386219FD7F28}.Release|Any CPU.Build.0 = Release|Any CPU
	EndGlobalSection
	GlobalSection(SolutionProperties) = preSolution
		HideSolutionNode = FALSE
	EndGlobalSection
	GlobalSection(ExtensibilityGlobals) = postSolution
		SolutionGuid = {1BD42CAA-D943-40C4-A6ED-DC30711E1747}
	EndGlobalSection
EndGlobal
