
Microsoft Visual Studio Solution File, Format Version 12.00
# Visual Studio Version 16
VisualStudioVersion = 16.0.30804.86
MinimumVisualStudioVersion = 10.0.40219.1
Project("{FAE04EC0-301F-11D3-BF4B-00C04F79EFBC}") = "Practice", "Practice\Practice.csproj", "{4FB211F1-B037-46F5-B459-5B85D1AEF4B1}"
EndProject
Project("{FAE04EC0-301F-11D3-BF4B-00C04F79EFBC}") = "P01.MathOperation", "P01.MathOperation\P01.MathOperation.csproj", "{BA0658A3-915B-4E7E-AC79-01A0328601FB}"
EndProject
Project("{FAE04EC0-301F-11D3-BF4B-00C04F79EFBC}") = "P02.Animals", "P02.Animals\P02.Animals.csproj", "{9DBEC9D0-87BB-49FE-A929-7943880A58C4}"
EndProject
Project("{FAE04EC0-301F-11D3-BF4B-00C04F79EFBC}") = "P03.Shapes", "P03.Shapes\P03.Shapes.csproj", "{DF37BFC6-D604-4757-B246-358016A1EE09}"
EndProject
Global
	GlobalSection(SolutionConfigurationPlatforms) = preSolution
		Debug|Any CPU = Debug|Any CPU
		Release|Any CPU = Release|Any CPU
	EndGlobalSection
	GlobalSection(ProjectConfigurationPlatforms) = postSolution
		{4FB211F1-B037-46F5-B459-5B85D1AEF4B1}.Debug|Any CPU.ActiveCfg = Debug|Any CPU
		{4FB211F1-B037-46F5-B459-5B85D1AEF4B1}.Debug|Any CPU.Build.0 = Debug|Any CPU
		{4FB211F1-B037-46F5-B459-5B85D1AEF4B1}.Release|Any CPU.ActiveCfg = Release|Any CPU
		{4FB211F1-B037-46F5-B459-5B85D1AEF4B1}.Release|Any CPU.Build.0 = Release|Any CPU
		{BA0658A3-915B-4E7E-AC79-01A0328601FB}.Debug|Any CPU.ActiveCfg = Debug|Any CPU
		{BA0658A3-915B-4E7E-AC79-01A0328601FB}.Debug|Any CPU.Build.0 = Debug|Any CPU
		{BA0658A3-915B-4E7E-AC79-01A0328601FB}.Release|Any CPU.ActiveCfg = Release|Any CPU
		{BA0658A3-915B-4E7E-AC79-01A0328601FB}.Release|Any CPU.Build.0 = Release|Any CPU
		{9DBEC9D0-87BB-49FE-A929-7943880A58C4}.Debug|Any CPU.ActiveCfg = Debug|Any CPU
		{9DBEC9D0-87BB-49FE-A929-7943880A58C4}.Debug|Any CPU.Build.0 = Debug|Any CPU
		{9DBEC9D0-87BB-49FE-A929-7943880A58C4}.Release|Any CPU.ActiveCfg = Release|Any CPU
		{9DBEC9D0-87BB-49FE-A929-7943880A58C4}.Release|Any CPU.Build.0 = Release|Any CPU
		{DF37BFC6-D604-4757-B246-358016A1EE09}.Debug|Any CPU.ActiveCfg = Debug|Any CPU
		{DF37BFC6-D604-4757-B246-358016A1EE09}.Debug|Any CPU.Build.0 = Debug|Any CPU
		{DF37BFC6-D604-4757-B246-358016A1EE09}.Release|Any CPU.ActiveCfg = Release|Any CPU
		{DF37BFC6-D604-4757-B246-358016A1EE09}.Release|Any CPU.Build.0 = Release|Any CPU
	EndGlobalSection
	GlobalSection(SolutionProperties) = preSolution
		HideSolutionNode = FALSE
	EndGlobalSection
	GlobalSection(ExtensibilityGlobals) = postSolution
		SolutionGuid = {1AD3BCDD-BC0B-4392-88D1-FC220F47058B}
	EndGlobalSection
EndGlobal
