
Microsoft Visual Studio Solution File, Format Version 12.00
# Visual Studio Version 16
VisualStudioVersion = 16.0.30804.86
MinimumVisualStudioVersion = 10.0.40219.1
Project("{FAE04EC0-301F-11D3-BF4B-00C04F79EFBC}") = "ExamPrep_22August2020", "ExamPrep_22August2020\ExamPrep_22August2020.csproj", "{A8304196-823B-4429-9481-B973208FD220}"
EndProject
Project("{9A19103F-16F7-4668-BE54-9A1E7A4F7556}") = "EasterRaces", "01. Structure_Skeleton\Exam-Skeleton\EasterRaces\EasterRaces.csproj", "{7A7D201A-0C71-4F37-AE87-E68E7856ADD3}"
EndProject
Global
	GlobalSection(SolutionConfigurationPlatforms) = preSolution
		Debug|Any CPU = Debug|Any CPU
		Release|Any CPU = Release|Any CPU
	EndGlobalSection
	GlobalSection(ProjectConfigurationPlatforms) = postSolution
		{A8304196-823B-4429-9481-B973208FD220}.Debug|Any CPU.ActiveCfg = Debug|Any CPU
		{A8304196-823B-4429-9481-B973208FD220}.Debug|Any CPU.Build.0 = Debug|Any CPU
		{A8304196-823B-4429-9481-B973208FD220}.Release|Any CPU.ActiveCfg = Release|Any CPU
		{A8304196-823B-4429-9481-B973208FD220}.Release|Any CPU.Build.0 = Release|Any CPU
		{7A7D201A-0C71-4F37-AE87-E68E7856ADD3}.Debug|Any CPU.ActiveCfg = Debug|Any CPU
		{7A7D201A-0C71-4F37-AE87-E68E7856ADD3}.Debug|Any CPU.Build.0 = Debug|Any CPU
		{7A7D201A-0C71-4F37-AE87-E68E7856ADD3}.Release|Any CPU.ActiveCfg = Release|Any CPU
		{7A7D201A-0C71-4F37-AE87-E68E7856ADD3}.Release|Any CPU.Build.0 = Release|Any CPU
	EndGlobalSection
	GlobalSection(SolutionProperties) = preSolution
		HideSolutionNode = FALSE
	EndGlobalSection
	GlobalSection(ExtensibilityGlobals) = postSolution
		SolutionGuid = {F4E4510A-0888-42B2-B44E-2B9CC308F92B}
	EndGlobalSection
EndGlobal
