
Microsoft Visual Studio Solution File, Format Version 12.00
# Visual Studio Version 16
VisualStudioVersion = 16.0.30804.86
MinimumVisualStudioVersion = 10.0.40219.1
Project("{9A19103F-16F7-4668-BE54-9A1E7A4F7556}") = "Practice", "Practice\Practice.csproj", "{4F05522C-6AE5-473C-8430-924844DCB27A}"
EndProject
Project("{9A19103F-16F7-4668-BE54-9A1E7A4F7556}") = "P01.Persons", "P01.Persons\P01.Persons.csproj", "{68660F54-C608-48EF-9335-A2C42C45FAFA}"
EndProject
Project("{9A19103F-16F7-4668-BE54-9A1E7A4F7556}") = "P02.Salary", "P02.Salary\P02.Salary.csproj", "{44CCA64D-385E-4B5A-AB50-F03683B008EE}"
EndProject
Project("{9A19103F-16F7-4668-BE54-9A1E7A4F7556}") = "P03.Validation", "P03.Validation\P03.Validation.csproj", "{118381BE-8D62-49C4-8F85-65B29D0BE6A1}"
EndProject
Project("{FAE04EC0-301F-11D3-BF4B-00C04F79EFBC}") = "P04.Team", "P04.Team\P04.Team.csproj", "{7DC4C550-5EE7-4745-AF49-8FC7301A1C85}"
EndProject
Global
	GlobalSection(SolutionConfigurationPlatforms) = preSolution
		Debug|Any CPU = Debug|Any CPU
		Release|Any CPU = Release|Any CPU
	EndGlobalSection
	GlobalSection(ProjectConfigurationPlatforms) = postSolution
		{4F05522C-6AE5-473C-8430-924844DCB27A}.Debug|Any CPU.ActiveCfg = Debug|Any CPU
		{4F05522C-6AE5-473C-8430-924844DCB27A}.Debug|Any CPU.Build.0 = Debug|Any CPU
		{4F05522C-6AE5-473C-8430-924844DCB27A}.Release|Any CPU.ActiveCfg = Release|Any CPU
		{4F05522C-6AE5-473C-8430-924844DCB27A}.Release|Any CPU.Build.0 = Release|Any CPU
		{68660F54-C608-48EF-9335-A2C42C45FAFA}.Debug|Any CPU.ActiveCfg = Debug|Any CPU
		{68660F54-C608-48EF-9335-A2C42C45FAFA}.Debug|Any CPU.Build.0 = Debug|Any CPU
		{68660F54-C608-48EF-9335-A2C42C45FAFA}.Release|Any CPU.ActiveCfg = Release|Any CPU
		{68660F54-C608-48EF-9335-A2C42C45FAFA}.Release|Any CPU.Build.0 = Release|Any CPU
		{44CCA64D-385E-4B5A-AB50-F03683B008EE}.Debug|Any CPU.ActiveCfg = Debug|Any CPU
		{44CCA64D-385E-4B5A-AB50-F03683B008EE}.Debug|Any CPU.Build.0 = Debug|Any CPU
		{44CCA64D-385E-4B5A-AB50-F03683B008EE}.Release|Any CPU.ActiveCfg = Release|Any CPU
		{44CCA64D-385E-4B5A-AB50-F03683B008EE}.Release|Any CPU.Build.0 = Release|Any CPU
		{118381BE-8D62-49C4-8F85-65B29D0BE6A1}.Debug|Any CPU.ActiveCfg = Debug|Any CPU
		{118381BE-8D62-49C4-8F85-65B29D0BE6A1}.Debug|Any CPU.Build.0 = Debug|Any CPU
		{118381BE-8D62-49C4-8F85-65B29D0BE6A1}.Release|Any CPU.ActiveCfg = Release|Any CPU
		{118381BE-8D62-49C4-8F85-65B29D0BE6A1}.Release|Any CPU.Build.0 = Release|Any CPU
		{7DC4C550-5EE7-4745-AF49-8FC7301A1C85}.Debug|Any CPU.ActiveCfg = Debug|Any CPU
		{7DC4C550-5EE7-4745-AF49-8FC7301A1C85}.Debug|Any CPU.Build.0 = Debug|Any CPU
		{7DC4C550-5EE7-4745-AF49-8FC7301A1C85}.Release|Any CPU.ActiveCfg = Release|Any CPU
		{7DC4C550-5EE7-4745-AF49-8FC7301A1C85}.Release|Any CPU.Build.0 = Release|Any CPU
	EndGlobalSection
	GlobalSection(SolutionProperties) = preSolution
		HideSolutionNode = FALSE
	EndGlobalSection
	GlobalSection(ExtensibilityGlobals) = postSolution
		SolutionGuid = {9587CA96-DD01-4330-92FF-13485FCD0145}
	EndGlobalSection
EndGlobal
