
Microsoft Visual Studio Solution File, Format Version 12.00
# Visual Studio Version 16
VisualStudioVersion = 16.0.30804.86
MinimumVisualStudioVersion = 10.0.40219.1
Project("{FAE04EC0-301F-11D3-BF4B-00C04F79EFBC}") = "Practice", "Practice\Practice.csproj", "{C8DCA645-5DAB-4F60-B8E9-53C8E5CE0907}"
EndProject
Project("{FAE04EC0-301F-11D3-BF4B-00C04F79EFBC}") = "01.Even-Lines", "01.Even-Lines\01.Even-Lines.csproj", "{6D6EAC0A-E820-4612-AD3D-DBB6FC4D88BA}"
EndProject
Project("{FAE04EC0-301F-11D3-BF4B-00C04F79EFBC}") = "02.Line-Numbers", "02.Line-Numbers\02.Line-Numbers.csproj", "{8CF6BE22-7458-4C56-A5AB-979F1CD75DE7}"
EndProject
Project("{FAE04EC0-301F-11D3-BF4B-00C04F79EFBC}") = "03.WordCount", "03.WordCount\03.WordCount.csproj", "{5CD346A4-DB04-4F80-9DB1-EC20C171D725}"
EndProject
Project("{FAE04EC0-301F-11D3-BF4B-00C04F79EFBC}") = "04.CopyBinaryFile", "04.CopyBinaryFile\04.CopyBinaryFile.csproj", "{22F64A03-9489-4AA1-976B-7DE1A06DF18D}"
EndProject
Project("{FAE04EC0-301F-11D3-BF4B-00C04F79EFBC}") = "05.DirectoryTraversal", "05.DirectoryTraversal\05.DirectoryTraversal.csproj", "{C0D2F32A-D7D4-47D1-A439-F6E730E0A161}"
EndProject
Project("{FAE04EC0-301F-11D3-BF4B-00C04F79EFBC}") = "06.Zip-and-Extract", "06.Zip-and-Extract\06.Zip-and-Extract.csproj", "{C3517C8B-1FE4-4A10-8E3B-24D71C526A8D}"
EndProject
Global
	GlobalSection(SolutionConfigurationPlatforms) = preSolution
		Debug|Any CPU = Debug|Any CPU
		Release|Any CPU = Release|Any CPU
	EndGlobalSection
	GlobalSection(ProjectConfigurationPlatforms) = postSolution
		{C8DCA645-5DAB-4F60-B8E9-53C8E5CE0907}.Debug|Any CPU.ActiveCfg = Debug|Any CPU
		{C8DCA645-5DAB-4F60-B8E9-53C8E5CE0907}.Debug|Any CPU.Build.0 = Debug|Any CPU
		{C8DCA645-5DAB-4F60-B8E9-53C8E5CE0907}.Release|Any CPU.ActiveCfg = Release|Any CPU
		{C8DCA645-5DAB-4F60-B8E9-53C8E5CE0907}.Release|Any CPU.Build.0 = Release|Any CPU
		{6D6EAC0A-E820-4612-AD3D-DBB6FC4D88BA}.Debug|Any CPU.ActiveCfg = Debug|Any CPU
		{6D6EAC0A-E820-4612-AD3D-DBB6FC4D88BA}.Debug|Any CPU.Build.0 = Debug|Any CPU
		{6D6EAC0A-E820-4612-AD3D-DBB6FC4D88BA}.Release|Any CPU.ActiveCfg = Release|Any CPU
		{6D6EAC0A-E820-4612-AD3D-DBB6FC4D88BA}.Release|Any CPU.Build.0 = Release|Any CPU
		{8CF6BE22-7458-4C56-A5AB-979F1CD75DE7}.Debug|Any CPU.ActiveCfg = Debug|Any CPU
		{8CF6BE22-7458-4C56-A5AB-979F1CD75DE7}.Debug|Any CPU.Build.0 = Debug|Any CPU
		{8CF6BE22-7458-4C56-A5AB-979F1CD75DE7}.Release|Any CPU.ActiveCfg = Release|Any CPU
		{8CF6BE22-7458-4C56-A5AB-979F1CD75DE7}.Release|Any CPU.Build.0 = Release|Any CPU
		{5CD346A4-DB04-4F80-9DB1-EC20C171D725}.Debug|Any CPU.ActiveCfg = Debug|Any CPU
		{5CD346A4-DB04-4F80-9DB1-EC20C171D725}.Debug|Any CPU.Build.0 = Debug|Any CPU
		{5CD346A4-DB04-4F80-9DB1-EC20C171D725}.Release|Any CPU.ActiveCfg = Release|Any CPU
		{5CD346A4-DB04-4F80-9DB1-EC20C171D725}.Release|Any CPU.Build.0 = Release|Any CPU
		{22F64A03-9489-4AA1-976B-7DE1A06DF18D}.Debug|Any CPU.ActiveCfg = Debug|Any CPU
		{22F64A03-9489-4AA1-976B-7DE1A06DF18D}.Debug|Any CPU.Build.0 = Debug|Any CPU
		{22F64A03-9489-4AA1-976B-7DE1A06DF18D}.Release|Any CPU.ActiveCfg = Release|Any CPU
		{22F64A03-9489-4AA1-976B-7DE1A06DF18D}.Release|Any CPU.Build.0 = Release|Any CPU
		{C0D2F32A-D7D4-47D1-A439-F6E730E0A161}.Debug|Any CPU.ActiveCfg = Debug|Any CPU
		{C0D2F32A-D7D4-47D1-A439-F6E730E0A161}.Debug|Any CPU.Build.0 = Debug|Any CPU
		{C0D2F32A-D7D4-47D1-A439-F6E730E0A161}.Release|Any CPU.ActiveCfg = Release|Any CPU
		{C0D2F32A-D7D4-47D1-A439-F6E730E0A161}.Release|Any CPU.Build.0 = Release|Any CPU
		{C3517C8B-1FE4-4A10-8E3B-24D71C526A8D}.Debug|Any CPU.ActiveCfg = Debug|Any CPU
		{C3517C8B-1FE4-4A10-8E3B-24D71C526A8D}.Debug|Any CPU.Build.0 = Debug|Any CPU
		{C3517C8B-1FE4-4A10-8E3B-24D71C526A8D}.Release|Any CPU.ActiveCfg = Release|Any CPU
		{C3517C8B-1FE4-4A10-8E3B-24D71C526A8D}.Release|Any CPU.Build.0 = Release|Any CPU
	EndGlobalSection
	GlobalSection(SolutionProperties) = preSolution
		HideSolutionNode = FALSE
	EndGlobalSection
	GlobalSection(ExtensibilityGlobals) = postSolution
		SolutionGuid = {ACADC40C-BBFE-4558-ACAD-9DDA2F088678}
	EndGlobalSection
EndGlobal
