
Microsoft Visual Studio Solution File, Format Version 12.00
# Visual Studio Version 16
VisualStudioVersion = 16.0.30804.86
MinimumVisualStudioVersion = 10.0.40219.1
Project("{9A19103F-16F7-4668-BE54-9A1E7A4F7556}") = "P01.Vehicles", "P01.Vehicles\P01.Vehicles.csproj", "{71214AFF-D56E-4563-AB58-2C8BBF2B3770}"
EndProject
Project("{FAE04EC0-301F-11D3-BF4B-00C04F79EFBC}") = "P03.Raiding", "P03.Raiding\P03.Raiding.csproj", "{D2109F4D-5D89-4D3C-95DE-B2FF5E242F5A}"
EndProject
Project("{FAE04EC0-301F-11D3-BF4B-00C04F79EFBC}") = "P04.WildFarm", "P04.WildFarm\P04.WildFarm.csproj", "{FDDEADC4-EDE3-470E-87C5-F35B74A57916}"
EndProject
Global
	GlobalSection(SolutionConfigurationPlatforms) = preSolution
		Debug|Any CPU = Debug|Any CPU
		Release|Any CPU = Release|Any CPU
	EndGlobalSection
	GlobalSection(ProjectConfigurationPlatforms) = postSolution
		{71214AFF-D56E-4563-AB58-2C8BBF2B3770}.Debug|Any CPU.ActiveCfg = Debug|Any CPU
		{71214AFF-D56E-4563-AB58-2C8BBF2B3770}.Debug|Any CPU.Build.0 = Debug|Any CPU
		{71214AFF-D56E-4563-AB58-2C8BBF2B3770}.Release|Any CPU.ActiveCfg = Release|Any CPU
		{71214AFF-D56E-4563-AB58-2C8BBF2B3770}.Release|Any CPU.Build.0 = Release|Any CPU
		{D2109F4D-5D89-4D3C-95DE-B2FF5E242F5A}.Debug|Any CPU.ActiveCfg = Debug|Any CPU
		{D2109F4D-5D89-4D3C-95DE-B2FF5E242F5A}.Debug|Any CPU.Build.0 = Debug|Any CPU
		{D2109F4D-5D89-4D3C-95DE-B2FF5E242F5A}.Release|Any CPU.ActiveCfg = Release|Any CPU
		{D2109F4D-5D89-4D3C-95DE-B2FF5E242F5A}.Release|Any CPU.Build.0 = Release|Any CPU
		{FDDEADC4-EDE3-470E-87C5-F35B74A57916}.Debug|Any CPU.ActiveCfg = Debug|Any CPU
		{FDDEADC4-EDE3-470E-87C5-F35B74A57916}.Debug|Any CPU.Build.0 = Debug|Any CPU
		{FDDEADC4-EDE3-470E-87C5-F35B74A57916}.Release|Any CPU.ActiveCfg = Release|Any CPU
		{FDDEADC4-EDE3-470E-87C5-F35B74A57916}.Release|Any CPU.Build.0 = Release|Any CPU
	EndGlobalSection
	GlobalSection(SolutionProperties) = preSolution
		HideSolutionNode = FALSE
	EndGlobalSection
	GlobalSection(ExtensibilityGlobals) = postSolution
		SolutionGuid = {D07A7728-CE9D-46CC-AF73-AF2D6131A20A}
	EndGlobalSection
EndGlobal
