
Microsoft Visual Studio Solution File, Format Version 12.00
# Visual Studio Version 16
VisualStudioVersion = 16.0.30804.86
MinimumVisualStudioVersion = 10.0.40219.1
Project("{FAE04EC0-301F-11D3-BF4B-00C04F79EFBC}") = "Practice", "Practice\Practice.csproj", "{658FF18A-DB3B-4A57-A14C-70CD78EF69F5}"
EndProject
Project("{FAE04EC0-301F-11D3-BF4B-00C04F79EFBC}") = "P01.Library", "P01.Library\P01.Library.csproj", "{92C0964C-79EE-4004-9447-8EC9E3FE5072}"
EndProject
Project("{FAE04EC0-301F-11D3-BF4B-00C04F79EFBC}") = "Demo", "Demo\Demo.csproj", "{2E3B2DCB-C8FE-4927-B8F5-F6C9BE194051}"
EndProject
Project("{FAE04EC0-301F-11D3-BF4B-00C04F79EFBC}") = "P00.Library", "P00.Library\P00.Library.csproj", "{5C7BF437-9794-48FA-A4A4-B34E3FCF92B0}"
EndProject
Project("{FAE04EC0-301F-11D3-BF4B-00C04F79EFBC}") = "DemoCar", "DemoCar\DemoCar.csproj", "{724E7569-B723-4F6B-9E37-4C8B328D118A}"
EndProject
Global
	GlobalSection(SolutionConfigurationPlatforms) = preSolution
		Debug|Any CPU = Debug|Any CPU
		Release|Any CPU = Release|Any CPU
	EndGlobalSection
	GlobalSection(ProjectConfigurationPlatforms) = postSolution
		{658FF18A-DB3B-4A57-A14C-70CD78EF69F5}.Debug|Any CPU.ActiveCfg = Debug|Any CPU
		{658FF18A-DB3B-4A57-A14C-70CD78EF69F5}.Debug|Any CPU.Build.0 = Debug|Any CPU
		{658FF18A-DB3B-4A57-A14C-70CD78EF69F5}.Release|Any CPU.ActiveCfg = Release|Any CPU
		{658FF18A-DB3B-4A57-A14C-70CD78EF69F5}.Release|Any CPU.Build.0 = Release|Any CPU
		{92C0964C-79EE-4004-9447-8EC9E3FE5072}.Debug|Any CPU.ActiveCfg = Debug|Any CPU
		{92C0964C-79EE-4004-9447-8EC9E3FE5072}.Debug|Any CPU.Build.0 = Debug|Any CPU
		{92C0964C-79EE-4004-9447-8EC9E3FE5072}.Release|Any CPU.ActiveCfg = Release|Any CPU
		{92C0964C-79EE-4004-9447-8EC9E3FE5072}.Release|Any CPU.Build.0 = Release|Any CPU
		{2E3B2DCB-C8FE-4927-B8F5-F6C9BE194051}.Debug|Any CPU.ActiveCfg = Debug|Any CPU
		{2E3B2DCB-C8FE-4927-B8F5-F6C9BE194051}.Debug|Any CPU.Build.0 = Debug|Any CPU
		{2E3B2DCB-C8FE-4927-B8F5-F6C9BE194051}.Release|Any CPU.ActiveCfg = Release|Any CPU
		{2E3B2DCB-C8FE-4927-B8F5-F6C9BE194051}.Release|Any CPU.Build.0 = Release|Any CPU
		{5C7BF437-9794-48FA-A4A4-B34E3FCF92B0}.Debug|Any CPU.ActiveCfg = Debug|Any CPU
		{5C7BF437-9794-48FA-A4A4-B34E3FCF92B0}.Debug|Any CPU.Build.0 = Debug|Any CPU
		{5C7BF437-9794-48FA-A4A4-B34E3FCF92B0}.Release|Any CPU.ActiveCfg = Release|Any CPU
		{5C7BF437-9794-48FA-A4A4-B34E3FCF92B0}.Release|Any CPU.Build.0 = Release|Any CPU
		{724E7569-B723-4F6B-9E37-4C8B328D118A}.Debug|Any CPU.ActiveCfg = Debug|Any CPU
		{724E7569-B723-4F6B-9E37-4C8B328D118A}.Debug|Any CPU.Build.0 = Debug|Any CPU
		{724E7569-B723-4F6B-9E37-4C8B328D118A}.Release|Any CPU.ActiveCfg = Release|Any CPU
		{724E7569-B723-4F6B-9E37-4C8B328D118A}.Release|Any CPU.Build.0 = Release|Any CPU
	EndGlobalSection
	GlobalSection(SolutionProperties) = preSolution
		HideSolutionNode = FALSE
	EndGlobalSection
	GlobalSection(ExtensibilityGlobals) = postSolution
		SolutionGuid = {AE8D93E2-3E5B-4F19-9B81-C9CB370B9A2D}
	EndGlobalSection
EndGlobal
